Microsoft Visual Studio Solution File, Format Version 12.00
# Visual Studio Version 16
VisualStudioVersion = 16.0.0.0
MinimumVisualStudioVersion = 16.0.0.0
Project("{9A19103F-16F7-4668-BE54-9A1E7A4F7556}") = "Pwa.Server", "Server\Pwa.Server.csproj", "{A4835DA5-B4F6-476C-A575-3FDCE34B28BC}"
EndProject
Project("{9A19103F-16F7-4668-BE54-9A1E7A4F7556}") = "Pwa.Client", "Client\Pwa.Client.csproj", "{9DD1BB2C-3AA9-4724-BD02-A5DA7137D5FC}"
EndProject
Project("{9A19103F-16F7-4668-BE54-9A1E7A4F7556}") = "Pwa.Shared", "Shared\Pwa.Shared.csproj", "{326CDD75-BE2F-4AD6-9E02-5004185D661B}"
EndProject
Global
	GlobalSection(SolutionConfigurationPlatforms) = preSolution
		Debug|Any CPU = Debug|Any CPU
		Debug|x64 = Debug|x64
		Debug|x86 = Debug|x86
		Release|Any CPU = Release|Any CPU
		Release|x64 = Release|x64
		Release|x86 = Release|x86
	EndGlobalSection
	GlobalSection(ProjectConfigurationPlatforms) = postSolution
		{9DD1BB2C-3AA9-4724-BD02-A5DA7137D5FC}.Debug|Any CPU.ActiveCfg = Debug|Any CPU
		{9DD1BB2C-3AA9-4724-BD02-A5DA7137D5FC}.Debug|Any CPU.Build.0 = Debug|Any CPU
		{9DD1BB2C-3AA9-4724-BD02-A5DA7137D5FC}.Debug|x64.ActiveCfg = Debug|Any CPU
		{9DD1BB2C-3AA9-4724-BD02-A5DA7137D5FC}.Debug|x64.Build.0 = Debug|Any CPU
		{9DD1BB2C-3AA9-4724-BD02-A5DA7137D5FC}.Debug|x86.ActiveCfg = Debug|Any CPU
		{9DD1BB2C-3AA9-4724-BD02-A5DA7137D5FC}.Debug|x86.Build.0 = Debug|Any CPU
		{9DD1BB2C-3AA9-4724-BD02-A5DA7137D5FC}.Release|Any CPU.ActiveCfg = Release|Any CPU
		{9DD1BB2C-3AA9-4724-BD02-A5DA7137D5FC}.Release|Any CPU.Build.0 = Release|Any CPU
		{9DD1BB2C-3AA9-4724-BD02-A5DA7137D5FC}.Release|x64.ActiveCfg = Release|Any CPU
		{9DD1BB2C-3AA9-4724-BD02-A5DA7137D5FC}.Release|x64.Build.0 = Release|Any CPU
		{9DD1BB2C-3AA9-4724-BD02-A5DA7137D5FC}.Release|x86.ActiveCfg = Release|Any CPU
		{9DD1BB2C-3AA9-4724-BD02-A5DA7137D5FC}.Release|x86.Build.0 = Release|Any CPU
		{A4835DA5-B4F6-476C-A575-3FDCE34B28BC}.Debug|Any CPU.ActiveCfg = Debug|Any CPU
		{A4835DA5-B4F6-476C-A575-3FDCE34B28BC}.Debug|Any CPU.Build.0 = Debug|Any CPU
		{A4835DA5-B4F6-476C-A575-3FDCE34B28BC}.Debug|x64.ActiveCfg = Debug|Any CPU
		{A4835DA5-B4F6-476C-A575-3FDCE34B28BC}.Debug|x64.Build.0 = Debug|Any CPU
		{A4835DA5-B4F6-476C-A575-3FDCE34B28BC}.Debug|x86.ActiveCfg = Debug|Any CPU
		{A4835DA5-B4F6-476C-A575-3FDCE34B28BC}.Debug|x86.Build.0 = Debug|Any CPU
		{A4835DA5-B4F6-476C-A575-3FDCE34B28BC}.Release|Any CPU.ActiveCfg = Release|Any CPU
		{A4835DA5-B4F6-476C-A575-3FDCE34B28BC}.Release|Any CPU.Build.0 = Release|Any CPU
		{A4835DA5-B4F6-476C-A575-3FDCE34B28BC}.Release|x64.ActiveCfg = Release|Any CPU
		{A4835DA5-B4F6-476C-A575-3FDCE34B28BC}.Release|x64.Build.0 = Release|Any CPU
		{A4835DA5-B4F6-476C-A575-3FDCE34B28BC}.Release|x86.ActiveCfg = Release|Any CPU
		{A4835DA5-B4F6-476C-A575-3FDCE34B28BC}.Release|x86.Build.0 = Release|Any CPU
		{326CDD75-BE2F-4AD6-9E02-5004185D661B}.Debug|Any CPU.ActiveCfg = Debug|Any CPU
		{326CDD75-BE2F-4AD6-9E02-5004185D661B}.Debug|Any CPU.Build.0 = Debug|Any CPU
		{326CDD75-BE2F-4AD6-9E02-5004185D661B}.Debug|x64.ActiveCfg = Debug|Any CPU
		{326CDD75-BE2F-4AD6-9E02-5004185D661B}.Debug|x64.Build.0 = Debug|Any CPU
		{326CDD75-BE2F-4AD6-9E02-5004185D661B}.Debug|x86.ActiveCfg = Debug|Any CPU
		{326CDD75-BE2F-4AD6-9E02-5004185D661B}.Debug|x86.Build.0 = Debug|Any CPU
		{326CDD75-BE2F-4AD6-9E02-5004185D661B}.Release|Any CPU.ActiveCfg = Release|Any CPU
		{326CDD75-BE2F-4AD6-9E02-5004185D661B}.Release|Any CPU.Build.0 = Release|Any CPU
		{326CDD75-BE2F-4AD6-9E02-5004185D661B}.Release|x64.ActiveCfg = Release|Any CPU
		{326CDD75-BE2F-4AD6-9E02-5004185D661B}.Release|x64.Build.0 = Release|Any CPU
		{326CDD75-BE2F-4AD6-9E02-5004185D661B}.Release|x86.ActiveCfg = Release|Any CPU
		{326CDD75-BE2F-4AD6-9E02-5004185D661B}.Release|x86.Build.0 = Release|Any CPU
	EndGlobalSection
	GlobalSection(SolutionProperties) = preSolution
		HideSolutionNode = FALSE
	EndGlobalSection
	GlobalSection(ExtensibilityGlobals) = postSolution
		SolutionGuid = {750948BC-0788-40D6-B27D-489776E0FE04}
	EndGlobalSection
EndGlobal